<?xml version="1.0" encoding="UTF-8" standalone="yes" ?>
<CodeBlocks_project_file>
	<FileVersion major="1" minor="6" />
	<Project>
		<Option title="Robonomics" />
		<Option pch_mode="2" />
		<Option compiler="gcc" />
		<Build>
			<Target title="default">
				<Option output="Robonomics" prefix_auto="1" extension_auto="1" />
				<Option type="1" />
				<Option compiler="gcc" />
			</Target>
		</Build>
		<Unit filename="BusinessCycle.cpp" />
		<Unit filename="BusinessCycle.h" />
		<Unit filename="Configurator.cpp" />
		<Unit filename="Configurator.h" />
		<Unit filename="constants.h" />
		<Unit filename="Firm.cpp" />
		<Unit filename="Firm.h" />
		<Unit filename="Individual.cpp" />
		<Unit filename="Individual.h" />
		<Unit filename="main.cpp" />
		<Unit filename="Real.cpp" />
		<Unit filename="Real.h" />
		<Unit filename="Simulation.cpp" />
		<Unit filename="Simulation.h" />
		<Unit filename="Snapshot.cpp" />
		<Unit filename="Snapshot.h" />
		<Unit filename="Structs.h" />
		<Unit filename="Types.h" />
		<Unit filename="Util.cpp" />
		<Unit filename="Util.h" />
		<Extensions>
			<code_completion />
			<envvars />
			<debugger />
		</Extensions>
	</Project>
</CodeBlocks_project_file>
